{
  "nodes": {
    "gleam-nixpkgs": {
      "locked": {
        "lastModified": 1779693441,
        "narHash": "sha256-PI0UWtPOT1OxeBVS5/LEGK9LM3SwyUgrcUXZAi/vU+g=",
        "owner": "nixos",
        "repo": "nixpkgs",
        "rev": "43b7138226a3e7207c6a23dfb72c6604117a2b0f",
        "type": "github"
      },
      "original": {
        "owner": "nixos",
        "repo": "nixpkgs",
        "type": "github"
      }
    },
    "nixpkgs": {
      "locked": {
        "lastModified": 1770843696,
        "narHash": "sha256-LovWTGDwXhkfCOmbgLVA10bvsi/P8eDDpRudgk68HA8=",
        "owner": "NixOS",
        "repo": "nixpkgs",
        "rev": "2343bbb58f99267223bc2aac4fc9ea301a155a16",
        "type": "github"
      },
      "original": {
        "id": "nixpkgs",
        "type": "indirect"
      }
    },
    "root": {
      "inputs": {
        "gleam-nixpkgs": "gleam-nixpkgs",
        "nixpkgs": "nixpkgs"
      }
    }
  },
  "root": "root",
  "version": 7
}
