{
  "nodes": {
    "flake-utils": {
      "locked": {
        "lastModified": 1667395993,
        "narHash": "sha256-nuEHfE/LcWyuSWnS8t12N1wc105Qtau+/OdUAjtQ0rA=",
        "owner": "numtide",
        "repo": "flake-utils",
        "rev": "5aed5285a952e0b949eb3ba02c12fa4fcfef535f",
        "type": "github"
      },
      "original": {
        "owner": "numtide",
        "repo": "flake-utils",
        "type": "github"
      }
    },
    "nix-rebar3": {
      "inputs": {
        "flake-utils": "flake-utils",
        "nixpkgs": [
          "nixpkgs"
        ]
      },
      "locked": {
        "lastModified": 1668516809,
        "narHash": "sha256-amqFlz04lw88XRtbRTQe5XSDHHUV0Wf1zDtIQ6XNhM8=",
        "owner": "axelf4",
        "repo": "nix-rebar3",
        "rev": "a9eeef712bcaf1f01cf47cdef24260d7137d79d2",
        "type": "github"
      },
      "original": {
        "owner": "axelf4",
        "repo": "nix-rebar3",
        "type": "github"
      }
    },
    "nixpkgs": {
      "locked": {
        "lastModified": 1670538458,
        "narHash": "sha256-mvKmBkdlhzsMBtnzYXjYn08EGw9rFBEE9hp4Uqgol1Q=",
        "owner": "NixOS",
        "repo": "nixpkgs",
        "rev": "99ec06122f481588abafd91f2710d80a5320efe6",
        "type": "github"
      },
      "original": {
        "id": "nixpkgs",
        "ref": "nixos-22.05",
        "type": "indirect"
      }
    },
    "root": {
      "inputs": {
        "nix-rebar3": "nix-rebar3",
        "nixpkgs": "nixpkgs",
        "spago2nixSource": "spago2nixSource"
      }
    },
    "spago2nixSource": {
      "flake": false,
      "locked": {
        "lastModified": 1641236534,
        "narHash": "sha256-a5cBQdkFg98NC8mpKzfVm5Iv2DtMSLlr9IclWp5D8mI=",
        "owner": "justinwoo",
        "repo": "spago2nix",
        "rev": "1c834738a8216a4c89d9defac9bf1c331d302a6a",
        "type": "github"
      },
      "original": {
        "owner": "justinwoo",
        "repo": "spago2nix",
        "type": "github"
      }
    }
  },
  "root": "root",
  "version": 7
}
