{"1.2.0",
[{<<"ecron">>,{pkg,<<"ecron">>,<<"0.6.0">>},0},
 {<<"telemetry">>,{pkg,<<"telemetry">>,<<"0.4.3">>},1}]}.
[
{pkg_hash,[
 {<<"ecron">>, <<"6130419ECCAF93DCEC3B464263B4099FC718696A71549119CE9C9A3EC52F3FA1">>},
 {<<"telemetry">>, <<"A06428A514BDBC63293CD9A6263AAD00DDEB66F608163BDEC7C8995784080818">>}]},
{pkg_hash_ext,[
 {<<"ecron">>, <<"1EEA18B10B5BD3AE499B9DC6E457689621D78150ADCA6B0413BF10E920B643F8">>},
 {<<"telemetry">>, <<"EB72B8365FFDA5BED68A620D1DA88525E326CB82A75EE61354FC24B844768041">>}]}
].
